{
  "name": "itpdp-2-semester",
  "requires": true,
  "lockfileVersion": 1,
  "dependencies": {
    "howler": {
      "version": "2.1.2",
      "resolved": "https://registry.npmjs.org/howler/-/howler-2.1.2.tgz",
      "integrity": "sha512-oKrTFaVXsDRoB/jik7cEpWKTj7VieoiuzMYJ7E/EU5ayvmpRhumCv3YQ3823zi9VTJkSWAhbryHnlZAionGAJg=="
    },
    "node-arecord": {
      "version": "0.0.2",
      "resolved": "https://registry.npmjs.org/node-arecord/-/node-arecord-0.0.2.tgz",
      "integrity": "sha1-oTCP6+dmDKQCyhjO+2H4fs4HiCw="
    },
    "pizzicato": {
      "version": "0.6.4",
      "resolved": "https://registry.npmjs.org/pizzicato/-/pizzicato-0.6.4.tgz",
      "integrity": "sha512-1Y4UGnhdBvCoeRTt4Cor/zPRsH/pEAGsBESy0zeR8mH2i2piJRQLEEctkzUJGo6h64GiepZy+LFaJ/a3riR+WA=="
    }
  }
}
